
Microsoft Visual Studio Solution File, Format Version 12.00
# Visual Studio Version 16
VisualStudioVersion = 16.0.31515.178
MinimumVisualStudioVersion = 10.0.40219.1
Project("{FAE04EC0-301F-11D3-BF4B-00C04F79EFBC}") = "WebAPI-net-entityframework", "WebAPI-net-entityframework\WebAPI-net-entityframework.csproj", "{333ECA52-5701-4E17-ABFF-9E2B504B7B7F}"
EndProject
Global
	GlobalSection(SolutionConfigurationPlatforms) = preSolution
		Debug|Any CPU = Debug|Any CPU
		Release|Any CPU = Release|Any CPU
	EndGlobalSection
	GlobalSection(ProjectConfigurationPlatforms) = postSolution
		{333ECA52-5701-4E17-ABFF-9E2B504B7B7F}.Debug|Any CPU.ActiveCfg = Debug|Any CPU
		{333ECA52-5701-4E17-ABFF-9E2B504B7B7F}.Debug|Any CPU.Build.0 = Debug|Any CPU
		{333ECA52-5701-4E17-ABFF-9E2B504B7B7F}.Release|Any CPU.ActiveCfg = Release|Any CPU
		{333ECA52-5701-4E17-ABFF-9E2B504B7B7F}.Release|Any CPU.Build.0 = Release|Any CPU
	EndGlobalSection
	GlobalSection(SolutionProperties) = preSolution
		HideSolutionNode = FALSE
	EndGlobalSection
	GlobalSection(ExtensibilityGlobals) = postSolution
		SolutionGuid = {772B8752-8F8D-45C3-9A32-78E40349AA0B}
	EndGlobalSection
EndGlobal
